{
	"Packages": {
		"garyburd/redigo": {
			"Name": "garyburd/redigo",
			"Version": "*",
			"Description": "",
			"Keywords": null,
			"Homepage": "",
			"Type": "module",
			"License": "",
			"Authors": null,
			"Support": null,
			"Require": null,
			"Custom": null,
			"Use": 1
		},
		"gorilla/websocket": {
			"Name": "gorilla/websocket",
			"Version": "*",
			"Description": "",
			"Keywords": null,
			"Homepage": "",
			"Type": "module",
			"License": "",
			"Authors": null,
			"Support": null,
			"Require": null,
			"Custom": null,
			"Use": 1
		}
	},
	"GenerationTime": "2019-10-12 15:56:43"
}